
Microsoft Visual Studio Solution File, Format Version 12.00
# Visual Studio Version 17
VisualStudioVersion = 17.14.36518.9 d17.14
MinimumVisualStudioVersion = 10.0.40219.1
Project("{FAE04EC0-301F-11D3-BF4B-00C04F79EFBC}") = "1133321hw2", "1133321hw2\1133321hw2.csproj", "{C45B8B10-AAF4-49F3-B62B-A361F66133EE}"
EndProject
Global
	GlobalSection(SolutionConfigurationPlatforms) = preSolution
		Debug|Any CPU = Debug|Any CPU
		Release|Any CPU = Release|Any CPU
	EndGlobalSection
	GlobalSection(ProjectConfigurationPlatforms) = postSolution
		{C45B8B10-AAF4-49F3-B62B-A361F66133EE}.Debug|Any CPU.ActiveCfg = Debug|Any CPU
		{C45B8B10-AAF4-49F3-B62B-A361F66133EE}.Debug|Any CPU.Build.0 = Debug|Any CPU
		{C45B8B10-AAF4-49F3-B62B-A361F66133EE}.Release|Any CPU.ActiveCfg = Release|Any CPU
		{C45B8B10-AAF4-49F3-B62B-A361F66133EE}.Release|Any CPU.Build.0 = Release|Any CPU
	EndGlobalSection
	GlobalSection(SolutionProperties) = preSolution
		HideSolutionNode = FALSE
	EndGlobalSection
	GlobalSection(ExtensibilityGlobals) = postSolution
		SolutionGuid = {3A718BF5-F340-48BB-8F6B-1DA212622DF1}
	EndGlobalSection
EndGlobal
